PODS:
  - Alamofire (1.3.0)
  - Bond (3.8.0)
  - CocoaSoundCloudAPI (1.0.1):
    - NXOAuth2Client (= 1.2.1)
  - NXOAuth2Client (1.2.1)
  - SCLAlertView-Objective-C (0.7.3)
  - StreamingKit (0.1.25)
  - SwiftyJSON (2.2.0)

DEPENDENCIES:
  - Alamofire (from `https://github.com/Alamofire/Alamofire.git`, branch `swift-2.0`)
  - Bond (from `https://github.com/SwiftBond/Bond.git`, branch `swift-2.0`)
  - CocoaSoundCloudAPI (= 1.0.1)
  - SCLAlertView-Objective-C
  - StreamingKit
  - SwiftyJSON (from `https://github.com/SwiftyJSON/SwiftyJSON.git`, branch `xcode7`)

EXTERNAL SOURCES:
  Alamofire:
    :branch: swift-2.0
    :git: https://github.com/Alamofire/Alamofire.git
  Bond:
    :branch: swift-2.0
    :git: https://github.com/SwiftBond/Bond.git
  SwiftyJSON:
    :branch: xcode7
    :git: https://github.com/SwiftyJSON/SwiftyJSON.git

CHECKOUT OPTIONS:
  Alamofire:
    :commit: 5f2c29751b35069ec1452046e24dfba506cbc603
    :git: https://github.com/Alamofire/Alamofire.git
  Bond:
    :commit: 4fe136f97da1671c8df7831842a49079a9ba6de7
    :git: https://github.com/SwiftBond/Bond.git
  SwiftyJSON:
    :commit: 88c3f8ca078a0c74df8d94bb1d85df69b649e7ad
    :git: https://github.com/SwiftyJSON/SwiftyJSON.git

SPEC CHECKSUMS:
  Alamofire: e57db85401895fda01783b3b9bda5b32d9f347ff
  Bond: 6324624f32d535cd8d8e387f3f73df2641fa4078
  CocoaSoundCloudAPI: e8e1f2e463fa9bb9d68b2dcf361572787c7a6c3f
  NXOAuth2Client: 4705ee7d3532c106e2758e2f10f4e9964b5aec68
  SCLAlertView-Objective-C: 4bf9a07c8a8d1840e5174e643e16bc032239914d
  StreamingKit: f00c054cfd0f59d88c8be7a2270e208302ce48c4
  SwiftyJSON: 0b3e6c07af17ff745e77e8e9984097b55c956e5c

COCOAPODS: 0.38.2
