PODS:
  - Alamofire (1.3.0)
  - Bolts/Tasks (1.2.0)
  - Bond (3.8.0)
  - BOZPongRefreshControl (1.0.1)
  - CocoaSoundCloudAPI (1.0.1):
    - NXOAuth2Client (= 1.2.1)
  - NXOAuth2Client (1.2.1)
  - Parse (1.7.5.3):
    - Bolts/Tasks (>= 1.2.0)
  - SCLAlertView-Objective-C (0.7.4)
  - StreamingKit (0.1.25)
  - SVPullToRefresh (0.4.1)
  - SwiftyJSON (2.2.1)

DEPENDENCIES:
  - Alamofire (from `https://github.com/Alamofire/Alamofire.git`, branch `swift-2.0`)
  - Bond (from `https://github.com/SwiftBond/Bond.git`, branch `swift-2.0`)
  - BOZPongRefreshControl
  - CocoaSoundCloudAPI (= 1.0.1)
  - Parse
  - SCLAlertView-Objective-C
  - StreamingKit
  - SVPullToRefresh
  - SwiftyJSON (from `https://github.com/SwiftyJSON/SwiftyJSON.git`, branch `xcode7`)

EXTERNAL SOURCES:
  Alamofire:
    :branch: swift-2.0
    :git: https://github.com/Alamofire/Alamofire.git
  Bond:
    :branch: swift-2.0
    :git: https://github.com/SwiftBond/Bond.git
  SwiftyJSON:
    :branch: xcode7
    :git: https://github.com/SwiftyJSON/SwiftyJSON.git

CHECKOUT OPTIONS:
  Alamofire:
    :commit: 1a12318dcf6b6918687dd3babe28e521e8b8842c
    :git: https://github.com/Alamofire/Alamofire.git
  Bond:
    :commit: 4fe136f97da1671c8df7831842a49079a9ba6de7
    :git: https://github.com/SwiftBond/Bond.git
  SwiftyJSON:
    :commit: 45ca854ce75948858f65e31fbc58cbf214669250
    :git: https://github.com/SwiftyJSON/SwiftyJSON.git

SPEC CHECKSUMS:
  Alamofire: e57db85401895fda01783b3b9bda5b32d9f347ff
  Bolts: d176cb1e0012175589e389a9db49b85e27787576
  Bond: 6324624f32d535cd8d8e387f3f73df2641fa4078
  BOZPongRefreshControl: c956ee1f1bed94d3554ad081c4ff1450cfc6d349
  CocoaSoundCloudAPI: e8e1f2e463fa9bb9d68b2dcf361572787c7a6c3f
  NXOAuth2Client: 4705ee7d3532c106e2758e2f10f4e9964b5aec68
  Parse: 373adbb1ad2e34d383542c3b28f678c49ebe4881
  SCLAlertView-Objective-C: 15ebfdac06ca289ba1f29fe34b5a03da6bd3fe37
  StreamingKit: f00c054cfd0f59d88c8be7a2270e208302ce48c4
  SVPullToRefresh: ba2e718695a43253d8bea6852d2960097dc15d8c
  SwiftyJSON: ae2d0a3d68025d136602a33c4ee215091ced3e33

COCOAPODS: 0.38.2
